PODS:
  - DropDown (2.3.12)
  - TwitterCore (3.2.0)
  - TwitterKit (3.4.2):
    - TwitterCore (>= 3.2.0)

DEPENDENCIES:
  - DropDown
  - TwitterKit

SPEC REPOS:
  https://github.com/cocoapods/specs.git:
    - DropDown
    - TwitterCore
    - TwitterKit

SPEC CHECKSUMS:
  DropDown: 0bcc278799ec11a3d34ce1aac9367fbbaf5423d9
  TwitterCore: 8cbc9ad34d91c63a0035ea05bfbfc0d7ca72a28c
  TwitterKit: 5e4f41d70b9abdb41df5467f52d7aa2c0fd26ebb

PODFILE CHECKSUM: 5e7e81fed782d87e62afca3cb32441600b07adc1

COCOAPODS: 1.6.0
